<?xml version="1.0" encoding="utf-8"?>
<Project ToolsVersion="4.0" xmlns="http://schemas.microsoft.com/developer/msbuild/2003">
  <ItemGroup>
    <Filter Include="Private">
      <UniqueIdentifier>{aa731c93-0214-4fdc-9748-1843b5fc755f}</UniqueIdentifier>
    </Filter>
    <Filter Include="Public">
      <UniqueIdentifier>{5fec3f88-fa7b-4d04-8091-25f742b3768c}</UniqueIdentifier>
    </Filter>
    <Filter Include="Private\Core">
      <UniqueIdentifier>{83b66b9b-0142-4e94-ba31-6ae2d8ea6117}</UniqueIdentifier>
    </Filter>
    <Filter Include="Public\Core">
      <UniqueIdentifier>{6b32d1bc-c896-407e-957f-d953a599850e}</UniqueIdentifier>
    </Filter>
    <Filter Include="Public\Entity">
      <UniqueIdentifier>{16367d55-7aa3-40e8-bb09-eb9aff7a7752}</UniqueIdentifier>
    </Filter>
    <Filter Include="Private\Entity">
      <UniqueIdentifier>{0a1d99ac-d974-4f13-982d-8e96464ca643}</UniqueIdentifier>
    </Filter>
    <Filter Include="Private\Manager">
      <UniqueIdentifier>{e0447e93-80d9-4723-b3f8-2b184a6384dd}</UniqueIdentifier>
    </Filter>
    <Filter Include="Private\Abstract">
      <UniqueIdentifier>{e6bec9c8-fb6b-466d-a2ef-fbdcea0ea0d9}</UniqueIdentifier>
    </Filter>
    <Filter Include="Private\Scene">
      <UniqueIdentifier>{3e2f13f7-7761-4f1e-b3a2-a80cf2b09a52}</UniqueIdentifier>
    </Filter>
  </ItemGroup>
  <ItemGroup>
    <ClCompile Include="src\App.cpp">
      <Filter>Private\Core</Filter>
    </ClCompile>
    <ClCompile Include="src\Client.cpp">
      <Filter>Private\Core</Filter>
    </ClCompile>
    <ClCompile Include="SceneManager.cpp">
      <Filter>Private\Manager</Filter>
    </ClCompile>
    <ClCompile Include="Scene.cpp">
      <Filter>Private\Abstract</Filter>
    </ClCompile>
    <ClCompile Include="MenuScene.cpp">
      <Filter>Private\Scene</Filter>
    </ClCompile>
    <ClCompile Include="GameScene.cpp">
      <Filter>Private\Scene</Filter>
    </ClCompile>
    <ClCompile Include="src\Menu.cpp">
      <Filter>Private</Filter>
    </ClCompile>
    <ClCompile Include="Window.cpp">
      <Filter>Private\Entity</Filter>
    </ClCompile>
  </ItemGroup>
  <ItemGroup>
    <ClInclude Include="src\Menu.h" />
    <ClInclude Include="SceneManager.h">
      <Filter>Private\Manager</Filter>
    </ClInclude>
    <ClInclude Include="Scene.h">
      <Filter>Private\Abstract</Filter>
    </ClInclude>
    <ClInclude Include="MenuScene.h">
      <Filter>Private\Scene</Filter>
    </ClInclude>
    <ClInclude Include="GameScene.h">
      <Filter>Private\Scene</Filter>
    </ClInclude>
    <ClInclude Include="src\App.h">
      <Filter>Private\Core</Filter>
    </ClInclude>
    <ClInclude Include="Window.h">
      <Filter>Private\Entity</Filter>
    </ClInclude>
  </ItemGroup>
</Project>